<?xml version="1.0" encoding="utf-8"?>
<Project ToolsVersion="4.0" xmlns="http://schemas.microsoft.com/developer/msbuild/2003">
  <ItemGroup>
    <Filter Include="源文件">
      <UniqueIdentifier>{4FC737F1-C7A5-4376-A066-2A32D752A2FF}</UniqueIdentifier>
      <Extensions>cpp;c;cc;cxx;c++;cppm;ixx;def;odl;idl;hpj;bat;asm;asmx</Extensions>
    </Filter>
    <Filter Include="头文件">
      <UniqueIdentifier>{93995380-89BD-4b04-88EB-625FBE52EBFB}</UniqueIdentifier>
      <Extensions>h;hh;hpp;hxx;h++;hm;inl;inc;ipp;xsd</Extensions>
    </Filter>
    <Filter Include="资源文件">
      <UniqueIdentifier>{67DA6AB6-F800-4c08-8B7A-83BB121AAD01}</UniqueIdentifier>
      <Extensions>rc;ico;cur;bmp;dlg;rc2;rct;bin;rgs;gif;jpg;jpeg;jpe;resx;tiff;tif;png;wav;mfcribbon-ms</Extensions>
    </Filter>
    <Filter Include="对话框">
      <UniqueIdentifier>{608de1ae-805e-48a0-aa3d-978c541e5b2a}</UniqueIdentifier>
    </Filter>
    <Filter Include="类工厂">
      <UniqueIdentifier>{fbf23176-3e61-445f-a327-bd3f61cf13ce}</UniqueIdentifier>
    </Filter>
    <Filter Include="接口">
      <UniqueIdentifier>{f40fce13-35f5-4e64-b831-620e6ea7b7b3}</UniqueIdentifier>
    </Filter>
    <Filter Include="请求实体">
      <UniqueIdentifier>{39e02200-efbd-4bb1-a2cd-9271e726e657}</UniqueIdentifier>
    </Filter>
    <Filter Include="请求/响应管理 单例">
      <UniqueIdentifier>{9a943ea4-3120-4af3-8165-5e05e90bbd3b}</UniqueIdentifier>
    </Filter>
  </ItemGroup>
  <ItemGroup>
    <ClInclude Include="StuClient.h">
      <Filter>头文件</Filter>
    </ClInclude>
    <ClInclude Include="framework.h">
      <Filter>头文件</Filter>
    </ClInclude>
    <ClInclude Include="targetver.h">
      <Filter>头文件</Filter>
    </ClInclude>
    <ClInclude Include="Resource.h">
      <Filter>头文件</Filter>
    </ClInclude>
    <ClInclude Include="pch.h">
      <Filter>头文件</Filter>
    </ClInclude>
    <ClInclude Include="UdpConnect.h">
      <Filter>头文件</Filter>
    </ClInclude>
    <ClInclude Include="..\..\include\LoginRequest.h">
      <Filter>请求实体</Filter>
    </ClInclude>
    <ClInclude Include="MainDlg.h">
      <Filter>对话框</Filter>
    </ClInclude>
    <ClInclude Include="StuClientDlg.h">
      <Filter>对话框</Filter>
    </ClInclude>
    <ClInclude Include="..\..\include\StudentRequest.h">
      <Filter>请求实体</Filter>
    </ClInclude>
    <ClInclude Include="..\..\include\ClassRequest.h">
      <Filter>请求实体</Filter>
    </ClInclude>
    <ClInclude Include="..\..\include\CourseRequest.h">
      <Filter>请求实体</Filter>
    </ClInclude>
    <ClInclude Include="..\..\include\SelectionRequest.h">
      <Filter>请求实体</Filter>
    </ClInclude>
    <ClInclude Include="..\..\include\IRequest.h">
      <Filter>接口</Filter>
    </ClInclude>
    <ClInclude Include="ResponseFactory.h">
      <Filter>类工厂</Filter>
    </ClInclude>
    <ClInclude Include="RequestFactory.h">
      <Filter>类工厂</Filter>
    </ClInclude>
    <ClInclude Include="IRspHandler.h">
      <Filter>接口</Filter>
    </ClInclude>
    <ClInclude Include="ReqHandlerMgr.h">
      <Filter>请求/响应管理 单例</Filter>
    </ClInclude>
    <ClInclude Include="RspHandlerMgr.h">
      <Filter>请求/响应管理 单例</Filter>
    </ClInclude>
    <ClInclude Include="HeartbeatRequest.h">
      <Filter>请求实体</Filter>
    </ClInclude>
  </ItemGroup>
  <ItemGroup>
    <ClCompile Include="StuClient.cpp">
      <Filter>源文件</Filter>
    </ClCompile>
    <ClCompile Include="pch.cpp">
      <Filter>源文件</Filter>
    </ClCompile>
    <ClCompile Include="UdpConnect.cpp">
      <Filter>源文件</Filter>
    </ClCompile>
    <ClCompile Include="MainDlg.cpp">
      <Filter>对话框</Filter>
    </ClCompile>
    <ClCompile Include="StuClientDlg.cpp">
      <Filter>对话框</Filter>
    </ClCompile>
  </ItemGroup>
  <ItemGroup>
    <ResourceCompile Include="StuClient.rc">
      <Filter>资源文件</Filter>
    </ResourceCompile>
  </ItemGroup>
  <ItemGroup>
    <None Include="res\StuClient.rc2">
      <Filter>资源文件</Filter>
    </None>
  </ItemGroup>
  <ItemGroup>
    <Image Include="res\StuClient.ico">
      <Filter>资源文件</Filter>
    </Image>
  </ItemGroup>
</Project>