
Microsoft Visual Studio Solution File, Format Version 12.00
# Visual Studio Version 17
VisualStudioVersion = 17.11.35208.52
MinimumVisualStudioVersion = 10.0.40219.1
Project("{8BC9CEB8-8B4A-11D0-8D11-00A0C91BC942}") = "Memory_ywh", "Memory_ywh.vcxproj", "{0C8E311F-B7D4-44D2-813E-116B6EA01E5C}"
EndProject
Project("{8BC9CEB8-8B4A-11D0-8D11-00A0C91BC942}") = "activeStorage", "D:\_code\VS\文件管理\activeStorage\activeStorage.vcxproj", "{1DCBAAA7-2CEA-427B-83D0-659A795F3ABE}"
EndProject
Global
	GlobalSection(SolutionConfigurationPlatforms) = preSolution
		Debug|x64 = Debug|x64
		Debug|x86 = Debug|x86
		Release|x64 = Release|x64
		Release|x86 = Release|x86
	EndGlobalSection
	GlobalSection(ProjectConfigurationPlatforms) = postSolution
		{0C8E311F-B7D4-44D2-813E-116B6EA01E5C}.Debug|x64.ActiveCfg = Debug|x64
		{0C8E311F-B7D4-44D2-813E-116B6EA01E5C}.Debug|x64.Build.0 = Debug|x64
		{0C8E311F-B7D4-44D2-813E-116B6EA01E5C}.Debug|x86.ActiveCfg = Debug|Win32
		{0C8E311F-B7D4-44D2-813E-116B6EA01E5C}.Debug|x86.Build.0 = Debug|Win32
		{0C8E311F-B7D4-44D2-813E-116B6EA01E5C}.Release|x64.ActiveCfg = Release|x64
		{0C8E311F-B7D4-44D2-813E-116B6EA01E5C}.Release|x64.Build.0 = Release|x64
		{0C8E311F-B7D4-44D2-813E-116B6EA01E5C}.Release|x86.ActiveCfg = Release|Win32
		{0C8E311F-B7D4-44D2-813E-116B6EA01E5C}.Release|x86.Build.0 = Release|Win32
		{1DCBAAA7-2CEA-427B-83D0-659A795F3ABE}.Debug|x64.ActiveCfg = Debug|x64
		{1DCBAAA7-2CEA-427B-83D0-659A795F3ABE}.Debug|x64.Build.0 = Debug|x64
		{1DCBAAA7-2CEA-427B-83D0-659A795F3ABE}.Debug|x86.ActiveCfg = Debug|Win32
		{1DCBAAA7-2CEA-427B-83D0-659A795F3ABE}.Debug|x86.Build.0 = Debug|Win32
		{1DCBAAA7-2CEA-427B-83D0-659A795F3ABE}.Release|x64.ActiveCfg = Release|x64
		{1DCBAAA7-2CEA-427B-83D0-659A795F3ABE}.Release|x64.Build.0 = Release|x64
		{1DCBAAA7-2CEA-427B-83D0-659A795F3ABE}.Release|x86.ActiveCfg = Release|Win32
		{1DCBAAA7-2CEA-427B-83D0-659A795F3ABE}.Release|x86.Build.0 = Release|Win32
	EndGlobalSection
	GlobalSection(SolutionProperties) = preSolution
		HideSolutionNode = FALSE
	EndGlobalSection
	GlobalSection(ExtensibilityGlobals) = postSolution
		SolutionGuid = {1C555D40-599E-45CE-9EC0-E3054071CAD8}
	EndGlobalSection
EndGlobal
